
Microsoft Visual Studio Solution File, Format Version 12.00
# Visual Studio Version 17
VisualStudioVersion = 17.2.32616.157
MinimumVisualStudioVersion = 10.0.40219.1
Project("{FAE04EC0-301F-11D3-BF4B-00C04F79EFBC}") = "MongoWPF", "MongoWPF.csproj", "{F193B02D-0760-4442-A8FE-913B97468D09}"
EndProject
Global
	GlobalSection(SolutionConfigurationPlatforms) = preSolution
		Debug|Any CPU = Debug|Any CPU
		Release|Any CPU = Release|Any CPU
	EndGlobalSection
	GlobalSection(ProjectConfigurationPlatforms) = postSolution
		{F193B02D-0760-4442-A8FE-913B97468D09}.Debug|Any CPU.ActiveCfg = Debug|Any CPU
		{F193B02D-0760-4442-A8FE-913B97468D09}.Debug|Any CPU.Build.0 = Debug|Any CPU
		{F193B02D-0760-4442-A8FE-913B97468D09}.Release|Any CPU.ActiveCfg = Release|Any CPU
		{F193B02D-0760-4442-A8FE-913B97468D09}.Release|Any CPU.Build.0 = Release|Any CPU
	EndGlobalSection
	GlobalSection(SolutionProperties) = preSolution
		HideSolutionNode = FALSE
	EndGlobalSection
	GlobalSection(ExtensibilityGlobals) = postSolution
		SolutionGuid = {7139C0D0-2F12-4FB5-8A54-94A1F435799F}
	EndGlobalSection
EndGlobal
